
Microsoft Visual Studio Solution File, Format Version 12.00
# Visual Studio Version 17
VisualStudioVersion = 17.11.35327.3
MinimumVisualStudioVersion = 10.0.40219.1
Project("{FAE04EC0-301F-11D3-BF4B-00C04F79EFBC}") = "SistemaAlquiler.Entidades", "SistemaAlquiler.Entidades\SistemaAlquiler.Entidades.csproj", "{AE00DC54-1245-4A89-A9E6-42E03C0AEFDE}"
EndProject
Project("{FAE04EC0-301F-11D3-BF4B-00C04F79EFBC}") = "SistemaAlquiler.AccesoDatos", "SistemaAlquiler.AccesoDatos\SistemaAlquiler.AccesoDatos.csproj", "{6FC4BD9C-443C-4EEA-8653-9104D44A7F93}"
EndProject
Project("{FAE04EC0-301F-11D3-BF4B-00C04F79EFBC}") = "SistemaAlquiler.LogicaNegocio", "SistemaAlquiler.LogicaNegocio\SistemaAlquiler.LogicaNegocio.csproj", "{A8A47ABA-5DF8-463C-A183-D4C5F2B6D4D9}"
EndProject
Project("{FAE04EC0-301F-11D3-BF4B-00C04F79EFBC}") = "SistemaAlquiler.Controladora", "SistemaAlquiler.Controladora\SistemaAlquiler.Controladora.csproj", "{DE577237-7ABC-4507-9B26-E62C26FC6AF9}"
EndProject
Project("{FAE04EC0-301F-11D3-BF4B-00C04F79EFBC}") = "SistemaAlquiler.API", "SistemaAlquiler.API\SistemaAlquiler.API.csproj", "{82DE04FD-EA00-4A09-8A4F-A8CD0398342B}"
EndProject
Global
	GlobalSection(SolutionConfigurationPlatforms) = preSolution
		Debug|Any CPU = Debug|Any CPU
		Release|Any CPU = Release|Any CPU
	EndGlobalSection
	GlobalSection(ProjectConfigurationPlatforms) = postSolution
		{AE00DC54-1245-4A89-A9E6-42E03C0AEFDE}.Debug|Any CPU.ActiveCfg = Debug|Any CPU
		{AE00DC54-1245-4A89-A9E6-42E03C0AEFDE}.Debug|Any CPU.Build.0 = Debug|Any CPU
		{AE00DC54-1245-4A89-A9E6-42E03C0AEFDE}.Release|Any CPU.ActiveCfg = Release|Any CPU
		{AE00DC54-1245-4A89-A9E6-42E03C0AEFDE}.Release|Any CPU.Build.0 = Release|Any CPU
		{6FC4BD9C-443C-4EEA-8653-9104D44A7F93}.Debug|Any CPU.ActiveCfg = Debug|Any CPU
		{6FC4BD9C-443C-4EEA-8653-9104D44A7F93}.Debug|Any CPU.Build.0 = Debug|Any CPU
		{6FC4BD9C-443C-4EEA-8653-9104D44A7F93}.Release|Any CPU.ActiveCfg = Release|Any CPU
		{6FC4BD9C-443C-4EEA-8653-9104D44A7F93}.Release|Any CPU.Build.0 = Release|Any CPU
		{A8A47ABA-5DF8-463C-A183-D4C5F2B6D4D9}.Debug|Any CPU.ActiveCfg = Debug|Any CPU
		{A8A47ABA-5DF8-463C-A183-D4C5F2B6D4D9}.Debug|Any CPU.Build.0 = Debug|Any CPU
		{A8A47ABA-5DF8-463C-A183-D4C5F2B6D4D9}.Release|Any CPU.ActiveCfg = Release|Any CPU
		{A8A47ABA-5DF8-463C-A183-D4C5F2B6D4D9}.Release|Any CPU.Build.0 = Release|Any CPU
		{DE577237-7ABC-4507-9B26-E62C26FC6AF9}.Debug|Any CPU.ActiveCfg = Debug|Any CPU
		{DE577237-7ABC-4507-9B26-E62C26FC6AF9}.Debug|Any CPU.Build.0 = Debug|Any CPU
		{DE577237-7ABC-4507-9B26-E62C26FC6AF9}.Release|Any CPU.ActiveCfg = Release|Any CPU
		{DE577237-7ABC-4507-9B26-E62C26FC6AF9}.Release|Any CPU.Build.0 = Release|Any CPU
		{82DE04FD-EA00-4A09-8A4F-A8CD0398342B}.Debug|Any CPU.ActiveCfg = Debug|Any CPU
		{82DE04FD-EA00-4A09-8A4F-A8CD0398342B}.Debug|Any CPU.Build.0 = Debug|Any CPU
		{82DE04FD-EA00-4A09-8A4F-A8CD0398342B}.Release|Any CPU.ActiveCfg = Release|Any CPU
		{82DE04FD-EA00-4A09-8A4F-A8CD0398342B}.Release|Any CPU.Build.0 = Release|Any CPU
	EndGlobalSection
	GlobalSection(SolutionProperties) = preSolution
		HideSolutionNode = FALSE
	EndGlobalSection
	GlobalSection(ExtensibilityGlobals) = postSolution
		SolutionGuid = {9F3452B7-31D9-411A-BC31-2F86494A8656}
	EndGlobalSection
EndGlobal
